
Microsoft Visual Studio Solution File, Format Version 12.00
# Visual Studio Version 17
VisualStudioVersion = 17.8.34511.84
MinimumVisualStudioVersion = 10.0.40219.1
Project("{FAE04EC0-301F-11D3-BF4B-00C04F79EFBC}") = "PUGBMortar", "PUGBMortar.csproj", "{1C77639B-ACFF-494A-B3BC-9F832BCE2F51}"
EndProject
Global
	GlobalSection(SolutionConfigurationPlatforms) = preSolution
		Debug|Any CPU = Debug|Any CPU
		Release|Any CPU = Release|Any CPU
	EndGlobalSection
	GlobalSection(ProjectConfigurationPlatforms) = postSolution
		{1C77639B-ACFF-494A-B3BC-9F832BCE2F51}.Debug|Any CPU.ActiveCfg = Debug|Any CPU
		{1C77639B-ACFF-494A-B3BC-9F832BCE2F51}.Debug|Any CPU.Build.0 = Debug|Any CPU
		{1C77639B-ACFF-494A-B3BC-9F832BCE2F51}.Release|Any CPU.ActiveCfg = Release|Any CPU
		{1C77639B-ACFF-494A-B3BC-9F832BCE2F51}.Release|Any CPU.Build.0 = Release|Any CPU
	EndGlobalSection
	GlobalSection(SolutionProperties) = preSolution
		HideSolutionNode = FALSE
	EndGlobalSection
	GlobalSection(ExtensibilityGlobals) = postSolution
		SolutionGuid = {8BD9E592-B6A5-4ED3-AE86-D61B4ADDDB08}
	EndGlobalSection
EndGlobal
